
Microsoft Visual Studio Solution File, Format Version 12.00
# Visual Studio Version 17
VisualStudioVersion = 17.0.32014.148
MinimumVisualStudioVersion = 10.0.40219.1
Project("{2150E333-8FDC-42A3-9474-1A3956D46DE8}") = "Bootstrapping", "Bootstrapping", "{F7674909-9318-4455-9883-811114E60E85}"
EndProject
Project("{2150E333-8FDC-42A3-9474-1A3956D46DE8}") = "Business", "Business", "{31FF6F35-2EE8-46A2-9C2A-9B52D601DC42}"
EndProject
Project("{2150E333-8FDC-42A3-9474-1A3956D46DE8}") = "Caching", "Caching", "{58E31C04-A9D2-4783-987C-105CA3BE8BA6}"
EndProject
Project("{2150E333-8FDC-42A3-9474-1A3956D46DE8}") = "Common", "Common", "{4AC17188-9F6A-481E-8CAC-A04861B652DB}"
EndProject
Project("{2150E333-8FDC-42A3-9474-1A3956D46DE8}") = "Communication", "Communication", "{82EE795B-EE6B-4F0C-BF8F-747333F7344A}"
EndProject
Project("{2150E333-8FDC-42A3-9474-1A3956D46DE8}") = "Configuration", "Configuration", "{03E39E56-F34D-4BFF-9AD6-D917BE2BB1AF}"
EndProject
Project("{2150E333-8FDC-42A3-9474-1A3956D46DE8}") = "Data", "Data", "{DBA4597D-36D3-4109-8C86-22CB481F4363}"
EndProject
Project("{2150E333-8FDC-42A3-9474-1A3956D46DE8}") = "Globalization", "Globalization", "{6FDE453C-7180-4E9D-B9DA-A1A8D7A80589}"
EndProject
Project("{2150E333-8FDC-42A3-9474-1A3956D46DE8}") = "IoC", "IoC", "{54C5369E-A90A-49AD-A73A-052AB5EEC834}"
EndProject
Project("{2150E333-8FDC-42A3-9474-1A3956D46DE8}") = "Presentation", "Presentation", "{48E2C159-091D-44A9-AB58-CB8B4CB9D529}"
EndProject
Project("{2150E333-8FDC-42A3-9474-1A3956D46DE8}") = "Security", "Security", "{93B5FC09-18FA-40C2-9A80-F2F2A5F0C2C7}"
EndProject
Project("{2150E333-8FDC-42A3-9474-1A3956D46DE8}") = "Supervision", "Supervision", "{F0FEFBA4-E326-48BE-ACC3-87914CE2BE27}"
EndProject
Project("{9A19103F-16F7-4668-BE54-9A1E7A4F7556}") = "AC.Common", "Common\AC.Common\AC.Common.csproj", "{77FC6C8A-721C-410A-B683-9151DDEA1ED4}"
EndProject
Project("{9A19103F-16F7-4668-BE54-9A1E7A4F7556}") = "AC.Data", "Data\AC.Data\AC.Data.csproj", "{4C137C3D-A4C2-43CD-9735-D02AE85807A9}"
EndProject
Project("{9A19103F-16F7-4668-BE54-9A1E7A4F7556}") = "AC.Communication", "Communication\AC.Communication\AC.Communication.csproj", "{1CCE2A92-260F-4C97-AE71-DAD87AAF48BA}"
EndProject
Project("{9A19103F-16F7-4668-BE54-9A1E7A4F7556}") = "AC.IoC", "IoC\AC.IoC\AC.IoC.csproj", "{465F1386-53F1-4B79-BD97-20BCFFB7E0BB}"
EndProject
Project("{9A19103F-16F7-4668-BE54-9A1E7A4F7556}") = "AC.Supervision", "Supervision\AC.Supervision\AC.Supervision.csproj", "{750881EF-EFE0-4A9D-AD37-A6FA4BFE0E8B}"
EndProject
Project("{9A19103F-16F7-4668-BE54-9A1E7A4F7556}") = "AC.Bootstrapping", "Bootstrapping\AC.Bootstrapping\AC.Bootstrapping.csproj", "{6F670D8C-F36C-4E4F-AE0E-611F2F91871A}"
EndProject
Project("{9A19103F-16F7-4668-BE54-9A1E7A4F7556}") = "AC.Business", "Business\AC.Business\AC.Business.csproj", "{0E808493-367A-4640-B533-AB53FDF5F787}"
EndProject
Project("{9A19103F-16F7-4668-BE54-9A1E7A4F7556}") = "AC.Caching", "Caching\AC.Caching\AC.Caching.csproj", "{89F367E1-9C95-4C95-82AB-1B9AD0058A99}"
EndProject
Project("{9A19103F-16F7-4668-BE54-9A1E7A4F7556}") = "AC.Configuration", "Configuration\AC.Configuration\AC.Configuration.csproj", "{C675CE0E-93A7-42F7-9140-E89F3495674E}"
EndProject
Project("{9A19103F-16F7-4668-BE54-9A1E7A4F7556}") = "AC.Globalization", "Globalization\AC.Globalization\AC.Globalization.csproj", "{EA75047A-798D-41A2-90A7-E6E81EE2491E}"
EndProject
Project("{9A19103F-16F7-4668-BE54-9A1E7A4F7556}") = "AC.Presentation", "Presentation\AC.Presentation\AC.Presentation.csproj", "{0F1D96EB-D755-4795-ABAA-8365EEE5A1E7}"
EndProject
Project("{9A19103F-16F7-4668-BE54-9A1E7A4F7556}") = "AC.Security", "Security\AC.Security\AC.Security.csproj", "{19146779-CBDA-4AFF-B092-F606131CC94D}"
EndProject
Project("{9A19103F-16F7-4668-BE54-9A1E7A4F7556}") = "AC.Data.IoC", "Data\AC.Data.IoC\AC.Data.IoC.csproj", "{1E89E601-26B0-4C38-8795-46259237EB98}"
EndProject
Project("{9A19103F-16F7-4668-BE54-9A1E7A4F7556}") = "AC.Composition", "IoC\AC.Composition\AC.Composition.csproj", "{C2ECC939-708B-4219-910D-F1C39D45DFF0}"
EndProject
Global
	GlobalSection(SolutionConfigurationPlatforms) = preSolution
		Debug|Any CPU = Debug|Any CPU
		Release|Any CPU = Release|Any CPU
	EndGlobalSection
	GlobalSection(ProjectConfigurationPlatforms) = postSolution
		{77FC6C8A-721C-410A-B683-9151DDEA1ED4}.Debug|Any CPU.ActiveCfg = Debug|Any CPU
		{77FC6C8A-721C-410A-B683-9151DDEA1ED4}.Debug|Any CPU.Build.0 = Debug|Any CPU
		{77FC6C8A-721C-410A-B683-9151DDEA1ED4}.Release|Any CPU.ActiveCfg = Release|Any CPU
		{77FC6C8A-721C-410A-B683-9151DDEA1ED4}.Release|Any CPU.Build.0 = Release|Any CPU
		{4C137C3D-A4C2-43CD-9735-D02AE85807A9}.Debug|Any CPU.ActiveCfg = Debug|Any CPU
		{4C137C3D-A4C2-43CD-9735-D02AE85807A9}.Debug|Any CPU.Build.0 = Debug|Any CPU
		{4C137C3D-A4C2-43CD-9735-D02AE85807A9}.Release|Any CPU.ActiveCfg = Release|Any CPU
		{4C137C3D-A4C2-43CD-9735-D02AE85807A9}.Release|Any CPU.Build.0 = Release|Any CPU
		{1CCE2A92-260F-4C97-AE71-DAD87AAF48BA}.Debug|Any CPU.ActiveCfg = Debug|Any CPU
		{1CCE2A92-260F-4C97-AE71-DAD87AAF48BA}.Debug|Any CPU.Build.0 = Debug|Any CPU
		{1CCE2A92-260F-4C97-AE71-DAD87AAF48BA}.Release|Any CPU.ActiveCfg = Release|Any CPU
		{1CCE2A92-260F-4C97-AE71-DAD87AAF48BA}.Release|Any CPU.Build.0 = Release|Any CPU
		{465F1386-53F1-4B79-BD97-20BCFFB7E0BB}.Debug|Any CPU.ActiveCfg = Debug|Any CPU
		{465F1386-53F1-4B79-BD97-20BCFFB7E0BB}.Debug|Any CPU.Build.0 = Debug|Any CPU
		{465F1386-53F1-4B79-BD97-20BCFFB7E0BB}.Release|Any CPU.ActiveCfg = Release|Any CPU
		{465F1386-53F1-4B79-BD97-20BCFFB7E0BB}.Release|Any CPU.Build.0 = Release|Any CPU
		{750881EF-EFE0-4A9D-AD37-A6FA4BFE0E8B}.Debug|Any CPU.ActiveCfg = Debug|Any CPU
		{750881EF-EFE0-4A9D-AD37-A6FA4BFE0E8B}.Debug|Any CPU.Build.0 = Debug|Any CPU
		{750881EF-EFE0-4A9D-AD37-A6FA4BFE0E8B}.Release|Any CPU.ActiveCfg = Release|Any CPU
		{750881EF-EFE0-4A9D-AD37-A6FA4BFE0E8B}.Release|Any CPU.Build.0 = Release|Any CPU
		{6F670D8C-F36C-4E4F-AE0E-611F2F91871A}.Debug|Any CPU.ActiveCfg = Debug|Any CPU
		{6F670D8C-F36C-4E4F-AE0E-611F2F91871A}.Debug|Any CPU.Build.0 = Debug|Any CPU
		{6F670D8C-F36C-4E4F-AE0E-611F2F91871A}.Release|Any CPU.ActiveCfg = Release|Any CPU
		{6F670D8C-F36C-4E4F-AE0E-611F2F91871A}.Release|Any CPU.Build.0 = Release|Any CPU
		{0E808493-367A-4640-B533-AB53FDF5F787}.Debug|Any CPU.ActiveCfg = Debug|Any CPU
		{0E808493-367A-4640-B533-AB53FDF5F787}.Debug|Any CPU.Build.0 = Debug|Any CPU
		{0E808493-367A-4640-B533-AB53FDF5F787}.Release|Any CPU.ActiveCfg = Release|Any CPU
		{0E808493-367A-4640-B533-AB53FDF5F787}.Release|Any CPU.Build.0 = Release|Any CPU
		{89F367E1-9C95-4C95-82AB-1B9AD0058A99}.Debug|Any CPU.ActiveCfg = Debug|Any CPU
		{89F367E1-9C95-4C95-82AB-1B9AD0058A99}.Debug|Any CPU.Build.0 = Debug|Any CPU
		{89F367E1-9C95-4C95-82AB-1B9AD0058A99}.Release|Any CPU.ActiveCfg = Release|Any CPU
		{89F367E1-9C95-4C95-82AB-1B9AD0058A99}.Release|Any CPU.Build.0 = Release|Any CPU
		{C675CE0E-93A7-42F7-9140-E89F3495674E}.Debug|Any CPU.ActiveCfg = Debug|Any CPU
		{C675CE0E-93A7-42F7-9140-E89F3495674E}.Debug|Any CPU.Build.0 = Debug|Any CPU
		{C675CE0E-93A7-42F7-9140-E89F3495674E}.Release|Any CPU.ActiveCfg = Release|Any CPU
		{C675CE0E-93A7-42F7-9140-E89F3495674E}.Release|Any CPU.Build.0 = Release|Any CPU
		{EA75047A-798D-41A2-90A7-E6E81EE2491E}.Debug|Any CPU.ActiveCfg = Debug|Any CPU
		{EA75047A-798D-41A2-90A7-E6E81EE2491E}.Debug|Any CPU.Build.0 = Debug|Any CPU
		{EA75047A-798D-41A2-90A7-E6E81EE2491E}.Release|Any CPU.ActiveCfg = Release|Any CPU
		{EA75047A-798D-41A2-90A7-E6E81EE2491E}.Release|Any CPU.Build.0 = Release|Any CPU
		{0F1D96EB-D755-4795-ABAA-8365EEE5A1E7}.Debug|Any CPU.ActiveCfg = Debug|Any CPU
		{0F1D96EB-D755-4795-ABAA-8365EEE5A1E7}.Debug|Any CPU.Build.0 = Debug|Any CPU
		{0F1D96EB-D755-4795-ABAA-8365EEE5A1E7}.Release|Any CPU.ActiveCfg = Release|Any CPU
		{0F1D96EB-D755-4795-ABAA-8365EEE5A1E7}.Release|Any CPU.Build.0 = Release|Any CPU
		{19146779-CBDA-4AFF-B092-F606131CC94D}.Debug|Any CPU.ActiveCfg = Debug|Any CPU
		{19146779-CBDA-4AFF-B092-F606131CC94D}.Debug|Any CPU.Build.0 = Debug|Any CPU
		{19146779-CBDA-4AFF-B092-F606131CC94D}.Release|Any CPU.ActiveCfg = Release|Any CPU
		{19146779-CBDA-4AFF-B092-F606131CC94D}.Release|Any CPU.Build.0 = Release|Any CPU
		{1E89E601-26B0-4C38-8795-46259237EB98}.Debug|Any CPU.ActiveCfg = Debug|Any CPU
		{1E89E601-26B0-4C38-8795-46259237EB98}.Debug|Any CPU.Build.0 = Debug|Any CPU
		{1E89E601-26B0-4C38-8795-46259237EB98}.Release|Any CPU.ActiveCfg = Release|Any CPU
		{1E89E601-26B0-4C38-8795-46259237EB98}.Release|Any CPU.Build.0 = Release|Any CPU
		{C2ECC939-708B-4219-910D-F1C39D45DFF0}.Debug|Any CPU.ActiveCfg = Debug|Any CPU
		{C2ECC939-708B-4219-910D-F1C39D45DFF0}.Debug|Any CPU.Build.0 = Debug|Any CPU
		{C2ECC939-708B-4219-910D-F1C39D45DFF0}.Release|Any CPU.ActiveCfg = Release|Any CPU
		{C2ECC939-708B-4219-910D-F1C39D45DFF0}.Release|Any CPU.Build.0 = Release|Any CPU
	EndGlobalSection
	GlobalSection(SolutionProperties) = preSolution
		HideSolutionNode = FALSE
	EndGlobalSection
	GlobalSection(NestedProjects) = preSolution
		{77FC6C8A-721C-410A-B683-9151DDEA1ED4} = {4AC17188-9F6A-481E-8CAC-A04861B652DB}
		{4C137C3D-A4C2-43CD-9735-D02AE85807A9} = {DBA4597D-36D3-4109-8C86-22CB481F4363}
		{1CCE2A92-260F-4C97-AE71-DAD87AAF48BA} = {82EE795B-EE6B-4F0C-BF8F-747333F7344A}
		{465F1386-53F1-4B79-BD97-20BCFFB7E0BB} = {54C5369E-A90A-49AD-A73A-052AB5EEC834}
		{750881EF-EFE0-4A9D-AD37-A6FA4BFE0E8B} = {F0FEFBA4-E326-48BE-ACC3-87914CE2BE27}
		{6F670D8C-F36C-4E4F-AE0E-611F2F91871A} = {F7674909-9318-4455-9883-811114E60E85}
		{0E808493-367A-4640-B533-AB53FDF5F787} = {31FF6F35-2EE8-46A2-9C2A-9B52D601DC42}
		{89F367E1-9C95-4C95-82AB-1B9AD0058A99} = {58E31C04-A9D2-4783-987C-105CA3BE8BA6}
		{C675CE0E-93A7-42F7-9140-E89F3495674E} = {03E39E56-F34D-4BFF-9AD6-D917BE2BB1AF}
		{EA75047A-798D-41A2-90A7-E6E81EE2491E} = {6FDE453C-7180-4E9D-B9DA-A1A8D7A80589}
		{0F1D96EB-D755-4795-ABAA-8365EEE5A1E7} = {48E2C159-091D-44A9-AB58-CB8B4CB9D529}
		{19146779-CBDA-4AFF-B092-F606131CC94D} = {93B5FC09-18FA-40C2-9A80-F2F2A5F0C2C7}
		{1E89E601-26B0-4C38-8795-46259237EB98} = {DBA4597D-36D3-4109-8C86-22CB481F4363}
		{C2ECC939-708B-4219-910D-F1C39D45DFF0} = {54C5369E-A90A-49AD-A73A-052AB5EEC834}
	EndGlobalSection
	GlobalSection(ExtensibilityGlobals) = postSolution
		SolutionGuid = {FFDAAC7E-89B6-4F87-B5C7-E9FEE3CA354F}
	EndGlobalSection
EndGlobal
